
Microsoft Visual Studio Solution File, Format Version 12.00
# Visual Studio 15
VisualStudioVersion = 15.0.27703.2026
MinimumVisualStudioVersion = 10.0.40219.1
Project("{FAE04EC0-301F-11D3-BF4B-00C04F79EFBC}") = "PersonalManager.Android", "PersonalManager\PersonalManager.Android\PersonalManager.Android.csproj", "{612E1D22-7CD1-4687-8397-13180E25AB27}"
EndProject
Project("{FAE04EC0-301F-11D3-BF4B-00C04F79EFBC}") = "PersonalManager.iOS", "PersonalManager\PersonalManager.iOS\PersonalManager.iOS.csproj", "{DF9D3DAA-6DF0-4B9F-8AAC-21F0A0B14FD0}"
EndProject
Project("{9A19103F-16F7-4668-BE54-9A1E7A4F7556}") = "PersonalManager", "PersonalManager\PersonalManager\PersonalManager.csproj", "{6F76F3E0-BE60-441B-A35F-4B2B655759BD}"
EndProject
Global
	GlobalSection(SolutionConfigurationPlatforms) = preSolution
		Ad-Hoc|Any CPU = Ad-Hoc|Any CPU
		Ad-Hoc|ARM = Ad-Hoc|ARM
		Ad-Hoc|iPhone = Ad-Hoc|iPhone
		Ad-Hoc|iPhoneSimulator = Ad-Hoc|iPhoneSimulator
		Ad-Hoc|x64 = Ad-Hoc|x64
		Ad-Hoc|x86 = Ad-Hoc|x86
		AppStore|Any CPU = AppStore|Any CPU
		AppStore|ARM = AppStore|ARM
		AppStore|iPhone = AppStore|iPhone
		AppStore|iPhoneSimulator = AppStore|iPhoneSimulator
		AppStore|x64 = AppStore|x64
		AppStore|x86 = AppStore|x86
		Debug|Any CPU = Debug|Any CPU
		Debug|ARM = Debug|ARM
		Debug|iPhone = Debug|iPhone
		Debug|iPhoneSimulator = Debug|iPhoneSimulator
		Debug|x64 = Debug|x64
		Debug|x86 = Debug|x86
		Release|Any CPU = Release|Any CPU
		Release|ARM = Release|ARM
		Release|iPhone = Release|iPhone
		Release|iPhoneSimulator = Release|iPhoneSimulator
		Release|x64 = Release|x64
		Release|x86 = Release|x86
	EndGlobalSection
	GlobalSection(ProjectConfigurationPlatforms) = postSolution
		{612E1D22-7CD1-4687-8397-13180E25AB27}.Ad-Hoc|Any CPU.ActiveCfg = Release|Any CPU
		{612E1D22-7CD1-4687-8397-13180E25AB27}.Ad-Hoc|Any CPU.Build.0 = Release|Any CPU
		{612E1D22-7CD1-4687-8397-13180E25AB27}.Ad-Hoc|Any CPU.Deploy.0 = Release|Any CPU
		{612E1D22-7CD1-4687-8397-13180E25AB27}.Ad-Hoc|ARM.ActiveCfg = Release|Any CPU
		{612E1D22-7CD1-4687-8397-13180E25AB27}.Ad-Hoc|ARM.Build.0 = Release|Any CPU
		{612E1D22-7CD1-4687-8397-13180E25AB27}.Ad-Hoc|ARM.Deploy.0 = Release|Any CPU
		{612E1D22-7CD1-4687-8397-13180E25AB27}.Ad-Hoc|iPhone.ActiveCfg = Release|Any CPU
		{612E1D22-7CD1-4687-8397-13180E25AB27}.Ad-Hoc|iPhone.Build.0 = Release|Any CPU
		{612E1D22-7CD1-4687-8397-13180E25AB27}.Ad-Hoc|iPhone.Deploy.0 = Release|Any CPU
		{612E1D22-7CD1-4687-8397-13180E25AB27}.Ad-Hoc|iPhoneSimulator.ActiveCfg = Release|Any CPU
		{612E1D22-7CD1-4687-8397-13180E25AB27}.Ad-Hoc|iPhoneSimulator.Build.0 = Release|Any CPU
		{612E1D22-7CD1-4687-8397-13180E25AB27}.Ad-Hoc|iPhoneSimulator.Deploy.0 = Release|Any CPU
		{612E1D22-7CD1-4687-8397-13180E25AB27}.Ad-Hoc|x64.ActiveCfg = Release|Any CPU
		{612E1D22-7CD1-4687-8397-13180E25AB27}.Ad-Hoc|x64.Build.0 = Release|Any CPU
		{612E1D22-7CD1-4687-8397-13180E25AB27}.Ad-Hoc|x64.Deploy.0 = Release|Any CPU
		{612E1D22-7CD1-4687-8397-13180E25AB27}.Ad-Hoc|x86.ActiveCfg = Release|Any CPU
		{612E1D22-7CD1-4687-8397-13180E25AB27}.Ad-Hoc|x86.Build.0 = Release|Any CPU
		{612E1D22-7CD1-4687-8397-13180E25AB27}.Ad-Hoc|x86.Deploy.0 = Release|Any CPU
		{612E1D22-7CD1-4687-8397-13180E25AB27}.AppStore|Any CPU.ActiveCfg = Release|Any CPU
		{612E1D22-7CD1-4687-8397-13180E25AB27}.AppStore|Any CPU.Build.0 = Release|Any CPU
		{612E1D22-7CD1-4687-8397-13180E25AB27}.AppStore|Any CPU.Deploy.0 = Release|Any CPU
		{612E1D22-7CD1-4687-8397-13180E25AB27}.AppStore|ARM.ActiveCfg = Release|Any CPU
		{612E1D22-7CD1-4687-8397-13180E25AB27}.AppStore|ARM.Build.0 = Release|Any CPU
		{612E1D22-7CD1-4687-8397-13180E25AB27}.AppStore|ARM.Deploy.0 = Release|Any CPU
		{612E1D22-7CD1-4687-8397-13180E25AB27}.AppStore|iPhone.ActiveCfg = Release|Any CPU
		{612E1D22-7CD1-4687-8397-13180E25AB27}.AppStore|iPhone.Build.0 = Release|Any CPU
		{612E1D22-7CD1-4687-8397-13180E25AB27}.AppStore|iPhone.Deploy.0 = Release|Any CPU
		{612E1D22-7CD1-4687-8397-13180E25AB27}.AppStore|iPhoneSimulator.ActiveCfg = Release|Any CPU
		{612E1D22-7CD1-4687-8397-13180E25AB27}.AppStore|iPhoneSimulator.Build.0 = Release|Any CPU
		{612E1D22-7CD1-4687-8397-13180E25AB27}.AppStore|iPhoneSimulator.Deploy.0 = Release|Any CPU
		{612E1D22-7CD1-4687-8397-13180E25AB27}.AppStore|x64.ActiveCfg = Release|Any CPU
		{612E1D22-7CD1-4687-8397-13180E25AB27}.AppStore|x64.Build.0 = Release|Any CPU
		{612E1D22-7CD1-4687-8397-13180E25AB27}.AppStore|x64.Deploy.0 = Release|Any CPU
		{612E1D22-7CD1-4687-8397-13180E25AB27}.AppStore|x86.ActiveCfg = Release|Any CPU
		{612E1D22-7CD1-4687-8397-13180E25AB27}.AppStore|x86.Build.0 = Release|Any CPU
		{612E1D22-7CD1-4687-8397-13180E25AB27}.AppStore|x86.Deploy.0 = Release|Any CPU
		{612E1D22-7CD1-4687-8397-13180E25AB27}.Debug|Any CPU.ActiveCfg = Debug|Any CPU
		{612E1D22-7CD1-4687-8397-13180E25AB27}.Debug|Any CPU.Build.0 = Debug|Any CPU
		{612E1D22-7CD1-4687-8397-13180E25AB27}.Debug|Any CPU.Deploy.0 = Debug|Any CPU
		{612E1D22-7CD1-4687-8397-13180E25AB27}.Debug|ARM.ActiveCfg = Debug|Any CPU
		{612E1D22-7CD1-4687-8397-13180E25AB27}.Debug|ARM.Build.0 = Debug|Any CPU
		{612E1D22-7CD1-4687-8397-13180E25AB27}.Debug|ARM.Deploy.0 = Debug|Any CPU
		{612E1D22-7CD1-4687-8397-13180E25AB27}.Debug|iPhone.ActiveCfg = Debug|Any CPU
		{612E1D22-7CD1-4687-8397-13180E25AB27}.Debug|iPhone.Build.0 = Debug|Any CPU
		{612E1D22-7CD1-4687-8397-13180E25AB27}.Debug|iPhone.Deploy.0 = Debug|Any CPU
		{612E1D22-7CD1-4687-8397-13180E25AB27}.Debug|iPhoneSimulator.ActiveCfg = Debug|Any CPU
		{612E1D22-7CD1-4687-8397-13180E25AB27}.Debug|iPhoneSimulator.Build.0 = Debug|Any CPU
		{612E1D22-7CD1-4687-8397-13180E25AB27}.Debug|iPhoneSimulator.Deploy.0 = Debug|Any CPU
		{612E1D22-7CD1-4687-8397-13180E25AB27}.Debug|x64.ActiveCfg = Debug|Any CPU
		{612E1D22-7CD1-4687-8397-13180E25AB27}.Debug|x64.Build.0 = Debug|Any CPU
		{612E1D22-7CD1-4687-8397-13180E25AB27}.Debug|x64.Deploy.0 = Debug|Any CPU
		{612E1D22-7CD1-4687-8397-13180E25AB27}.Debug|x86.ActiveCfg = Debug|Any CPU
		{612E1D22-7CD1-4687-8397-13180E25AB27}.Debug|x86.Build.0 = Debug|Any CPU
		{612E1D22-7CD1-4687-8397-13180E25AB27}.Debug|x86.Deploy.0 = Debug|Any CPU
		{612E1D22-7CD1-4687-8397-13180E25AB27}.Release|Any CPU.ActiveCfg = Release|Any CPU
		{612E1D22-7CD1-4687-8397-13180E25AB27}.Release|Any CPU.Build.0 = Release|Any CPU
		{612E1D22-7CD1-4687-8397-13180E25AB27}.Release|Any CPU.Deploy.0 = Release|Any CPU
		{612E1D22-7CD1-4687-8397-13180E25AB27}.Release|ARM.ActiveCfg = Release|Any CPU
		{612E1D22-7CD1-4687-8397-13180E25AB27}.Release|ARM.Build.0 = Release|Any CPU
		{612E1D22-7CD1-4687-8397-13180E25AB27}.Release|ARM.Deploy.0 = Release|Any CPU
		{612E1D22-7CD1-4687-8397-13180E25AB27}.Release|iPhone.ActiveCfg = Release|Any CPU
		{612E1D22-7CD1-4687-8397-13180E25AB27}.Release|iPhone.Build.0 = Release|Any CPU
		{612E1D22-7CD1-4687-8397-13180E25AB27}.Release|iPhone.Deploy.0 = Release|Any CPU
		{612E1D22-7CD1-4687-8397-13180E25AB27}.Release|iPhoneSimulator.ActiveCfg = Release|Any CPU
		{612E1D22-7CD1-4687-8397-13180E25AB27}.Release|iPhoneSimulator.Build.0 = Release|Any CPU
		{612E1D22-7CD1-4687-8397-13180E25AB27}.Release|iPhoneSimulator.Deploy.0 = Release|Any CPU
		{612E1D22-7CD1-4687-8397-13180E25AB27}.Release|x64.ActiveCfg = Release|Any CPU
		{612E1D22-7CD1-4687-8397-13180E25AB27}.Release|x64.Build.0 = Release|Any CPU
		{612E1D22-7CD1-4687-8397-13180E25AB27}.Release|x64.Deploy.0 = Release|Any CPU
		{612E1D22-7CD1-4687-8397-13180E25AB27}.Release|x86.ActiveCfg = Release|Any CPU
		{612E1D22-7CD1-4687-8397-13180E25AB27}.Release|x86.Build.0 = Release|Any CPU
		{612E1D22-7CD1-4687-8397-13180E25AB27}.Release|x86.Deploy.0 = Release|Any CPU
		{DF9D3DAA-6DF0-4B9F-8AAC-21F0A0B14FD0}.Ad-Hoc|Any CPU.ActiveCfg = Ad-Hoc|iPhone
		{DF9D3DAA-6DF0-4B9F-8AAC-21F0A0B14FD0}.Ad-Hoc|Any CPU.Build.0 = Ad-Hoc|iPhone
		{DF9D3DAA-6DF0-4B9F-8AAC-21F0A0B14FD0}.Ad-Hoc|Any CPU.Deploy.0 = Ad-Hoc|iPhone
		{DF9D3DAA-6DF0-4B9F-8AAC-21F0A0B14FD0}.Ad-Hoc|ARM.ActiveCfg = Ad-Hoc|iPhone
		{DF9D3DAA-6DF0-4B9F-8AAC-21F0A0B14FD0}.Ad-Hoc|ARM.Build.0 = Ad-Hoc|iPhone
		{DF9D3DAA-6DF0-4B9F-8AAC-21F0A0B14FD0}.Ad-Hoc|ARM.Deploy.0 = Ad-Hoc|iPhone
		{DF9D3DAA-6DF0-4B9F-8AAC-21F0A0B14FD0}.Ad-Hoc|iPhone.ActiveCfg = Ad-Hoc|iPhone
		{DF9D3DAA-6DF0-4B9F-8AAC-21F0A0B14FD0}.Ad-Hoc|iPhone.Build.0 = Ad-Hoc|iPhone
		{DF9D3DAA-6DF0-4B9F-8AAC-21F0A0B14FD0}.Ad-Hoc|iPhone.Deploy.0 = Ad-Hoc|iPhone
		{DF9D3DAA-6DF0-4B9F-8AAC-21F0A0B14FD0}.Ad-Hoc|iPhoneSimulator.ActiveCfg = Ad-Hoc|iPhoneSimulator
		{DF9D3DAA-6DF0-4B9F-8AAC-21F0A0B14FD0}.Ad-Hoc|iPhoneSimulator.Build.0 = Ad-Hoc|iPhoneSimulator
		{DF9D3DAA-6DF0-4B9F-8AAC-21F0A0B14FD0}.Ad-Hoc|iPhoneSimulator.Deploy.0 = Ad-Hoc|iPhoneSimulator
		{DF9D3DAA-6DF0-4B9F-8AAC-21F0A0B14FD0}.Ad-Hoc|x64.ActiveCfg = Ad-Hoc|iPhone
		{DF9D3DAA-6DF0-4B9F-8AAC-21F0A0B14FD0}.Ad-Hoc|x64.Build.0 = Ad-Hoc|iPhone
		{DF9D3DAA-6DF0-4B9F-8AAC-21F0A0B14FD0}.Ad-Hoc|x64.Deploy.0 = Ad-Hoc|iPhone
		{DF9D3DAA-6DF0-4B9F-8AAC-21F0A0B14FD0}.Ad-Hoc|x86.ActiveCfg = Ad-Hoc|iPhone
		{DF9D3DAA-6DF0-4B9F-8AAC-21F0A0B14FD0}.Ad-Hoc|x86.Build.0 = Ad-Hoc|iPhone
		{DF9D3DAA-6DF0-4B9F-8AAC-21F0A0B14FD0}.Ad-Hoc|x86.Deploy.0 = Ad-Hoc|iPhone
		{DF9D3DAA-6DF0-4B9F-8AAC-21F0A0B14FD0}.AppStore|Any CPU.ActiveCfg = AppStore|iPhone
		{DF9D3DAA-6DF0-4B9F-8AAC-21F0A0B14FD0}.AppStore|Any CPU.Build.0 = AppStore|iPhone
		{DF9D3DAA-6DF0-4B9F-8AAC-21F0A0B14FD0}.AppStore|Any CPU.Deploy.0 = AppStore|iPhone
		{DF9D3DAA-6DF0-4B9F-8AAC-21F0A0B14FD0}.AppStore|ARM.ActiveCfg = AppStore|iPhone
		{DF9D3DAA-6DF0-4B9F-8AAC-21F0A0B14FD0}.AppStore|ARM.Build.0 = AppStore|iPhone
		{DF9D3DAA-6DF0-4B9F-8AAC-21F0A0B14FD0}.AppStore|ARM.Deploy.0 = AppStore|iPhone
		{DF9D3DAA-6DF0-4B9F-8AAC-21F0A0B14FD0}.AppStore|iPhone.ActiveCfg = AppStore|iPhone
		{DF9D3DAA-6DF0-4B9F-8AAC-21F0A0B14FD0}.AppStore|iPhone.Build.0 = AppStore|iPhone
		{DF9D3DAA-6DF0-4B9F-8AAC-21F0A0B14FD0}.AppStore|iPhone.Deploy.0 = AppStore|iPhone
		{DF9D3DAA-6DF0-4B9F-8AAC-21F0A0B14FD0}.AppStore|iPhoneSimulator.ActiveCfg = AppStore|iPhoneSimulator
		{DF9D3DAA-6DF0-4B9F-8AAC-21F0A0B14FD0}.AppStore|iPhoneSimulator.Build.0 = AppStore|iPhoneSimulator
		{DF9D3DAA-6DF0-4B9F-8AAC-21F0A0B14FD0}.AppStore|iPhoneSimulator.Deploy.0 = AppStore|iPhoneSimulator
		{DF9D3DAA-6DF0-4B9F-8AAC-21F0A0B14FD0}.AppStore|x64.ActiveCfg = AppStore|iPhone
		{DF9D3DAA-6DF0-4B9F-8AAC-21F0A0B14FD0}.AppStore|x64.Build.0 = AppStore|iPhone
		{DF9D3DAA-6DF0-4B9F-8AAC-21F0A0B14FD0}.AppStore|x64.Deploy.0 = AppStore|iPhone
		{DF9D3DAA-6DF0-4B9F-8AAC-21F0A0B14FD0}.AppStore|x86.ActiveCfg = AppStore|iPhone
		{DF9D3DAA-6DF0-4B9F-8AAC-21F0A0B14FD0}.AppStore|x86.Build.0 = AppStore|iPhone
		{DF9D3DAA-6DF0-4B9F-8AAC-21F0A0B14FD0}.AppStore|x86.Deploy.0 = AppStore|iPhone
		{DF9D3DAA-6DF0-4B9F-8AAC-21F0A0B14FD0}.Debug|Any CPU.ActiveCfg = Debug|iPhoneSimulator
		{DF9D3DAA-6DF0-4B9F-8AAC-21F0A0B14FD0}.Debug|Any CPU.Build.0 = Debug|iPhoneSimulator
		{DF9D3DAA-6DF0-4B9F-8AAC-21F0A0B14FD0}.Debug|Any CPU.Deploy.0 = Debug|iPhoneSimulator
		{DF9D3DAA-6DF0-4B9F-8AAC-21F0A0B14FD0}.Debug|ARM.ActiveCfg = Debug|iPhone
		{DF9D3DAA-6DF0-4B9F-8AAC-21F0A0B14FD0}.Debug|ARM.Build.0 = Debug|iPhone
		{DF9D3DAA-6DF0-4B9F-8AAC-21F0A0B14FD0}.Debug|ARM.Deploy.0 = Debug|iPhone
		{DF9D3DAA-6DF0-4B9F-8AAC-21F0A0B14FD0}.Debug|iPhone.ActiveCfg = Debug|iPhone
		{DF9D3DAA-6DF0-4B9F-8AAC-21F0A0B14FD0}.Debug|iPhone.Build.0 = Debug|iPhone
		{DF9D3DAA-6DF0-4B9F-8AAC-21F0A0B14FD0}.Debug|iPhone.Deploy.0 = Debug|iPhone
		{DF9D3DAA-6DF0-4B9F-8AAC-21F0A0B14FD0}.Debug|iPhoneSimulator.ActiveCfg = Debug|iPhoneSimulator
		{DF9D3DAA-6DF0-4B9F-8AAC-21F0A0B14FD0}.Debug|iPhoneSimulator.Build.0 = Debug|iPhoneSimulator
		{DF9D3DAA-6DF0-4B9F-8AAC-21F0A0B14FD0}.Debug|iPhoneSimulator.Deploy.0 = Debug|iPhoneSimulator
		{DF9D3DAA-6DF0-4B9F-8AAC-21F0A0B14FD0}.Debug|x64.ActiveCfg = Debug|iPhone
		{DF9D3DAA-6DF0-4B9F-8AAC-21F0A0B14FD0}.Debug|x64.Build.0 = Debug|iPhone
		{DF9D3DAA-6DF0-4B9F-8AAC-21F0A0B14FD0}.Debug|x64.Deploy.0 = Debug|iPhone
		{DF9D3DAA-6DF0-4B9F-8AAC-21F0A0B14FD0}.Debug|x86.ActiveCfg = Debug|iPhone
		{DF9D3DAA-6DF0-4B9F-8AAC-21F0A0B14FD0}.Debug|x86.Build.0 = Debug|iPhone
		{DF9D3DAA-6DF0-4B9F-8AAC-21F0A0B14FD0}.Debug|x86.Deploy.0 = Debug|iPhone
		{DF9D3DAA-6DF0-4B9F-8AAC-21F0A0B14FD0}.Release|Any CPU.ActiveCfg = Release|iPhone
		{DF9D3DAA-6DF0-4B9F-8AAC-21F0A0B14FD0}.Release|Any CPU.Build.0 = Release|iPhone
		{DF9D3DAA-6DF0-4B9F-8AAC-21F0A0B14FD0}.Release|Any CPU.Deploy.0 = Release|iPhone
		{DF9D3DAA-6DF0-4B9F-8AAC-21F0A0B14FD0}.Release|ARM.ActiveCfg = Release|iPhone
		{DF9D3DAA-6DF0-4B9F-8AAC-21F0A0B14FD0}.Release|ARM.Build.0 = Release|iPhone
		{DF9D3DAA-6DF0-4B9F-8AAC-21F0A0B14FD0}.Release|ARM.Deploy.0 = Release|iPhone
		{DF9D3DAA-6DF0-4B9F-8AAC-21F0A0B14FD0}.Release|iPhone.ActiveCfg = Release|iPhone
		{DF9D3DAA-6DF0-4B9F-8AAC-21F0A0B14FD0}.Release|iPhone.Build.0 = Release|iPhone
		{DF9D3DAA-6DF0-4B9F-8AAC-21F0A0B14FD0}.Release|iPhone.Deploy.0 = Release|iPhone
		{DF9D3DAA-6DF0-4B9F-8AAC-21F0A0B14FD0}.Release|iPhoneSimulator.ActiveCfg = Release|iPhoneSimulator
		{DF9D3DAA-6DF0-4B9F-8AAC-21F0A0B14FD0}.Release|iPhoneSimulator.Build.0 = Release|iPhoneSimulator
		{DF9D3DAA-6DF0-4B9F-8AAC-21F0A0B14FD0}.Release|iPhoneSimulator.Deploy.0 = Release|iPhoneSimulator
		{DF9D3DAA-6DF0-4B9F-8AAC-21F0A0B14FD0}.Release|x64.ActiveCfg = Release|iPhone
		{DF9D3DAA-6DF0-4B9F-8AAC-21F0A0B14FD0}.Release|x64.Build.0 = Release|iPhone
		{DF9D3DAA-6DF0-4B9F-8AAC-21F0A0B14FD0}.Release|x64.Deploy.0 = Release|iPhone
		{DF9D3DAA-6DF0-4B9F-8AAC-21F0A0B14FD0}.Release|x86.ActiveCfg = Release|iPhone
		{DF9D3DAA-6DF0-4B9F-8AAC-21F0A0B14FD0}.Release|x86.Build.0 = Release|iPhone
		{DF9D3DAA-6DF0-4B9F-8AAC-21F0A0B14FD0}.Release|x86.Deploy.0 = Release|iPhone
		{6F76F3E0-BE60-441B-A35F-4B2B655759BD}.Ad-Hoc|Any CPU.ActiveCfg = Debug|Any CPU
		{6F76F3E0-BE60-441B-A35F-4B2B655759BD}.Ad-Hoc|Any CPU.Build.0 = Debug|Any CPU
		{6F76F3E0-BE60-441B-A35F-4B2B655759BD}.Ad-Hoc|Any CPU.Deploy.0 = Debug|Any CPU
		{6F76F3E0-BE60-441B-A35F-4B2B655759BD}.Ad-Hoc|ARM.ActiveCfg = Debug|Any CPU
		{6F76F3E0-BE60-441B-A35F-4B2B655759BD}.Ad-Hoc|ARM.Build.0 = Debug|Any CPU
		{6F76F3E0-BE60-441B-A35F-4B2B655759BD}.Ad-Hoc|ARM.Deploy.0 = Debug|Any CPU
		{6F76F3E0-BE60-441B-A35F-4B2B655759BD}.Ad-Hoc|iPhone.ActiveCfg = Debug|Any CPU
		{6F76F3E0-BE60-441B-A35F-4B2B655759BD}.Ad-Hoc|iPhone.Build.0 = Debug|Any CPU
		{6F76F3E0-BE60-441B-A35F-4B2B655759BD}.Ad-Hoc|iPhone.Deploy.0 = Debug|Any CPU
		{6F76F3E0-BE60-441B-A35F-4B2B655759BD}.Ad-Hoc|iPhoneSimulator.ActiveCfg = Debug|Any CPU
		{6F76F3E0-BE60-441B-A35F-4B2B655759BD}.Ad-Hoc|iPhoneSimulator.Build.0 = Debug|Any CPU
		{6F76F3E0-BE60-441B-A35F-4B2B655759BD}.Ad-Hoc|iPhoneSimulator.Deploy.0 = Debug|Any CPU
		{6F76F3E0-BE60-441B-A35F-4B2B655759BD}.Ad-Hoc|x64.ActiveCfg = Debug|Any CPU
		{6F76F3E0-BE60-441B-A35F-4B2B655759BD}.Ad-Hoc|x64.Build.0 = Debug|Any CPU
		{6F76F3E0-BE60-441B-A35F-4B2B655759BD}.Ad-Hoc|x64.Deploy.0 = Debug|Any CPU
		{6F76F3E0-BE60-441B-A35F-4B2B655759BD}.Ad-Hoc|x86.ActiveCfg = Debug|Any CPU
		{6F76F3E0-BE60-441B-A35F-4B2B655759BD}.Ad-Hoc|x86.Build.0 = Debug|Any CPU
		{6F76F3E0-BE60-441B-A35F-4B2B655759BD}.Ad-Hoc|x86.Deploy.0 = Debug|Any CPU
		{6F76F3E0-BE60-441B-A35F-4B2B655759BD}.AppStore|Any CPU.ActiveCfg = Debug|Any CPU
		{6F76F3E0-BE60-441B-A35F-4B2B655759BD}.AppStore|Any CPU.Build.0 = Debug|Any CPU
		{6F76F3E0-BE60-441B-A35F-4B2B655759BD}.AppStore|Any CPU.Deploy.0 = Debug|Any CPU
		{6F76F3E0-BE60-441B-A35F-4B2B655759BD}.AppStore|ARM.ActiveCfg = Debug|Any CPU
		{6F76F3E0-BE60-441B-A35F-4B2B655759BD}.AppStore|ARM.Build.0 = Debug|Any CPU
		{6F76F3E0-BE60-441B-A35F-4B2B655759BD}.AppStore|ARM.Deploy.0 = Debug|Any CPU
		{6F76F3E0-BE60-441B-A35F-4B2B655759BD}.AppStore|iPhone.ActiveCfg = Debug|Any CPU
		{6F76F3E0-BE60-441B-A35F-4B2B655759BD}.AppStore|iPhone.Build.0 = Debug|Any CPU
		{6F76F3E0-BE60-441B-A35F-4B2B655759BD}.AppStore|iPhone.Deploy.0 = Debug|Any CPU
		{6F76F3E0-BE60-441B-A35F-4B2B655759BD}.AppStore|iPhoneSimulator.ActiveCfg = Debug|Any CPU
		{6F76F3E0-BE60-441B-A35F-4B2B655759BD}.AppStore|iPhoneSimulator.Build.0 = Debug|Any CPU
		{6F76F3E0-BE60-441B-A35F-4B2B655759BD}.AppStore|iPhoneSimulator.Deploy.0 = Debug|Any CPU
		{6F76F3E0-BE60-441B-A35F-4B2B655759BD}.AppStore|x64.ActiveCfg = Debug|Any CPU
		{6F76F3E0-BE60-441B-A35F-4B2B655759BD}.AppStore|x64.Build.0 = Debug|Any CPU
		{6F76F3E0-BE60-441B-A35F-4B2B655759BD}.AppStore|x64.Deploy.0 = Debug|Any CPU
		{6F76F3E0-BE60-441B-A35F-4B2B655759BD}.AppStore|x86.ActiveCfg = Debug|Any CPU
		{6F76F3E0-BE60-441B-A35F-4B2B655759BD}.AppStore|x86.Build.0 = Debug|Any CPU
		{6F76F3E0-BE60-441B-A35F-4B2B655759BD}.AppStore|x86.Deploy.0 = Debug|Any CPU
		{6F76F3E0-BE60-441B-A35F-4B2B655759BD}.Debug|Any CPU.ActiveCfg = Debug|Any CPU
		{6F76F3E0-BE60-441B-A35F-4B2B655759BD}.Debug|Any CPU.Build.0 = Debug|Any CPU
		{6F76F3E0-BE60-441B-A35F-4B2B655759BD}.Debug|Any CPU.Deploy.0 = Debug|Any CPU
		{6F76F3E0-BE60-441B-A35F-4B2B655759BD}.Debug|ARM.ActiveCfg = Debug|Any CPU
		{6F76F3E0-BE60-441B-A35F-4B2B655759BD}.Debug|ARM.Build.0 = Debug|Any CPU
		{6F76F3E0-BE60-441B-A35F-4B2B655759BD}.Debug|ARM.Deploy.0 = Debug|Any CPU
		{6F76F3E0-BE60-441B-A35F-4B2B655759BD}.Debug|iPhone.ActiveCfg = Debug|Any CPU
		{6F76F3E0-BE60-441B-A35F-4B2B655759BD}.Debug|iPhone.Build.0 = Debug|Any CPU
		{6F76F3E0-BE60-441B-A35F-4B2B655759BD}.Debug|iPhone.Deploy.0 = Debug|Any CPU
		{6F76F3E0-BE60-441B-A35F-4B2B655759BD}.Debug|iPhoneSimulator.ActiveCfg = Debug|Any CPU
		{6F76F3E0-BE60-441B-A35F-4B2B655759BD}.Debug|iPhoneSimulator.Build.0 = Debug|Any CPU
		{6F76F3E0-BE60-441B-A35F-4B2B655759BD}.Debug|iPhoneSimulator.Deploy.0 = Debug|Any CPU
		{6F76F3E0-BE60-441B-A35F-4B2B655759BD}.Debug|x64.ActiveCfg = Debug|Any CPU
		{6F76F3E0-BE60-441B-A35F-4B2B655759BD}.Debug|x64.Build.0 = Debug|Any CPU
		{6F76F3E0-BE60-441B-A35F-4B2B655759BD}.Debug|x64.Deploy.0 = Debug|Any CPU
		{6F76F3E0-BE60-441B-A35F-4B2B655759BD}.Debug|x86.ActiveCfg = Debug|Any CPU
		{6F76F3E0-BE60-441B-A35F-4B2B655759BD}.Debug|x86.Build.0 = Debug|Any CPU
		{6F76F3E0-BE60-441B-A35F-4B2B655759BD}.Debug|x86.Deploy.0 = Debug|Any CPU
		{6F76F3E0-BE60-441B-A35F-4B2B655759BD}.Release|Any CPU.ActiveCfg = Release|Any CPU
		{6F76F3E0-BE60-441B-A35F-4B2B655759BD}.Release|Any CPU.Build.0 = Release|Any CPU
		{6F76F3E0-BE60-441B-A35F-4B2B655759BD}.Release|Any CPU.Deploy.0 = Release|Any CPU
		{6F76F3E0-BE60-441B-A35F-4B2B655759BD}.Release|ARM.ActiveCfg = Release|Any CPU
		{6F76F3E0-BE60-441B-A35F-4B2B655759BD}.Release|ARM.Build.0 = Release|Any CPU
		{6F76F3E0-BE60-441B-A35F-4B2B655759BD}.Release|ARM.Deploy.0 = Release|Any CPU
		{6F76F3E0-BE60-441B-A35F-4B2B655759BD}.Release|iPhone.ActiveCfg = Release|Any CPU
		{6F76F3E0-BE60-441B-A35F-4B2B655759BD}.Release|iPhone.Build.0 = Release|Any CPU
		{6F76F3E0-BE60-441B-A35F-4B2B655759BD}.Release|iPhone.Deploy.0 = Release|Any CPU
		{6F76F3E0-BE60-441B-A35F-4B2B655759BD}.Release|iPhoneSimulator.ActiveCfg = Release|Any CPU
		{6F76F3E0-BE60-441B-A35F-4B2B655759BD}.Release|iPhoneSimulator.Build.0 = Release|Any CPU
		{6F76F3E0-BE60-441B-A35F-4B2B655759BD}.Release|iPhoneSimulator.Deploy.0 = Release|Any CPU
		{6F76F3E0-BE60-441B-A35F-4B2B655759BD}.Release|x64.ActiveCfg = Release|Any CPU
		{6F76F3E0-BE60-441B-A35F-4B2B655759BD}.Release|x64.Build.0 = Release|Any CPU
		{6F76F3E0-BE60-441B-A35F-4B2B655759BD}.Release|x64.Deploy.0 = Release|Any CPU
		{6F76F3E0-BE60-441B-A35F-4B2B655759BD}.Release|x86.ActiveCfg = Release|Any CPU
		{6F76F3E0-BE60-441B-A35F-4B2B655759BD}.Release|x86.Build.0 = Release|Any CPU
		{6F76F3E0-BE60-441B-A35F-4B2B655759BD}.Release|x86.Deploy.0 = Release|Any CPU
	EndGlobalSection
	GlobalSection(SolutionProperties) = preSolution
		HideSolutionNode = FALSE
	EndGlobalSection
	GlobalSection(ExtensibilityGlobals) = postSolution
		SolutionGuid = {0C5A1018-9A38-48C1-A637-3617BD72E93D}
	EndGlobalSection
EndGlobal
